
Microsoft Visual Studio Solution File, Format Version 12.00
# Visual Studio Version 16
VisualStudioVersion = 16.0.29709.97
MinimumVisualStudioVersion = 10.0.40219.1
Project("{FAE04EC0-301F-11D3-BF4B-00C04F79EFBC}") = "StarWars", "StarWars\StarWars.csproj", "{4720E57C-2907-4E1F-A771-9C1DE7CE7805}"
EndProject
Global
	GlobalSection(SolutionConfigurationPlatforms) = preSolution
		Debug|Any CPU = Debug|Any CPU
		Release|Any CPU = Release|Any CPU
	EndGlobalSection
	GlobalSection(ProjectConfigurationPlatforms) = postSolution
		{4720E57C-2907-4E1F-A771-9C1DE7CE7805}.Debug|Any CPU.ActiveCfg = Debug|Any CPU
		{4720E57C-2907-4E1F-A771-9C1DE7CE7805}.Debug|Any CPU.Build.0 = Debug|Any CPU
		{4720E57C-2907-4E1F-A771-9C1DE7CE7805}.Release|Any CPU.ActiveCfg = Release|Any CPU
		{4720E57C-2907-4E1F-A771-9C1DE7CE7805}.Release|Any CPU.Build.0 = Release|Any CPU
	EndGlobalSection
	GlobalSection(SolutionProperties) = preSolution
		HideSolutionNode = FALSE
	EndGlobalSection
	GlobalSection(ExtensibilityGlobals) = postSolution
		SolutionGuid = {E331812C-2190-46C4-B743-9678E6AA67DE}
	EndGlobalSection
EndGlobal
